// !$*UTF8*$!
{
	archiveVersion = 1;
	classes = {
	};
	objectVersion = 50;
	objects = {

/* Begin PBXBuildFile section */
		CDBDCC2320A42D7600CEEB9A /* AppDelegate.swift in Sources */ = {isa = PBXBuildFile; fileRef = CDBDCC2220A42D7600CEEB9A /* AppDelegate.swift */; };
		CDBDCC2520A42D7600CEEB9A /* ViewController.swift in Sources */ = {isa = PBXBuildFile; fileRef = CDBDCC2420A42D7600CEEB9A /* ViewController.swift */; };
		CDBDCC2820A42D7600CEEB9A /* Main.storyboard in Resources */ = {isa = PBXBuildFile; fileRef = CDBDCC2620A42D7600CEEB9A /* Main.storyboard */; };
		CDBDCC2A20A42D7700CEEB9A /* Assets.xcassets in Resources */ = {isa = PBXBuildFile; fileRef = CDBDCC2920A42D7700CEEB9A /* Assets.xcassets */; };
		CDBDCC2D20A42D7700CEEB9A /* LaunchScreen.storyboard in Resources */ = {isa = PBXBuildFile; fileRef = CDBDCC2B20A42D7700CEEB9A /* LaunchScreen.storyboard */; };
		CDBDCC3720A42E1B00CEEB9A /* HealthKit.framework in Frameworks */ = {isa = PBXBuildFile; fileRef = CDBDCC3620A42E1B00CEEB9A /* HealthKit.framework */; };
		CDBDCC3920A42E6D00CEEB9A /* HealthManager.swift in Sources */ = {isa = PBXBuildFile; fileRef = CDBDCC3820A42E6D00CEEB9A /* HealthManager.swift */; };
		CDBDCC4C20A43A6700CEEB9A /* RoundedButton.swift in Sources */ = {isa = PBXBuildFile; fileRef = CDBDCC4B20A43A6700CEEB9A /* RoundedButton.swift */; };
		CDBDCC5220A43CCA00CEEB9A /* Glimpse.m in Sources */ = {isa = PBXBuildFile; fileRef = CDBDCC5020A43CCA00CEEB9A /* Glimpse.m */; };
		CDBDCC5320A43CCA00CEEB9A /* GlimpseAssetWriter.m in Sources */ = {isa = PBXBuildFile; fileRef = CDBDCC5120A43CCA00CEEB9A /* GlimpseAssetWriter.m */; };
		CDBDCC5620A44B7000CEEB9A /* DatePickerDialog.swift in Sources */ = {isa = PBXBuildFile; fileRef = CDBDCC5520A44B6F00CEEB9A /* DatePickerDialog.swift */; };
		CDBDCC5820A4564200CEEB9A /* Regift.swift in Sources */ = {isa = PBXBuildFile; fileRef = CDBDCC5720A4564200CEEB9A /* Regift.swift */; };
		CDBDCC5A20A45A1F00CEEB9A /* Settings.bundle in Resources */ = {isa = PBXBuildFile; fileRef = CDBDCC5920A45A1F00CEEB9A /* Settings.bundle */; };
/* End PBXBuildFile section */

/* Begin PBXFileReference section */
		CDBDCC1F20A42D7600CEEB9A /* CloseTheRings.app */ = {isa = PBXFileReference; explicitFileType = wrapper.application; includeInIndex = 0; path = CloseTheRings.app; sourceTree = BUILT_PRODUCTS_DIR; };
		CDBDCC2220A42D7600CEEB9A /* AppDelegate.swift */ = {isa = PBXFileReference; lastKnownFileType = sourcecode.swift; path = AppDelegate.swift; sourceTree = "<group>"; };
		CDBDCC2420A42D7600CEEB9A /* ViewController.swift */ = {isa = PBXFileReference; lastKnownFileType = sourcecode.swift; path = ViewController.swift; sourceTree = "<group>"; };
		CDBDCC2720A42D7600CEEB9A /* Base */ = {isa = PBXFileReference; lastKnownFileType = file.storyboard; name = Base; path = Base.lproj/Main.storyboard; sourceTree = "<group>"; };
		CDBDCC2920A42D7700CEEB9A /* Assets.xcassets */ = {isa = PBXFileReference; lastKnownFileType = folder.assetcatalog; path = Assets.xcassets; sourceTree = "<group>"; };
		CDBDCC2C20A42D7700CEEB9A /* Base */ = {isa = PBXFileReference; lastKnownFileType = file.storyboard; name = Base; path = Base.lproj/LaunchScreen.storyboard; sourceTree = "<group>"; };
		CDBDCC2E20A42D7700CEEB9A /* Info.plist */ = {isa = PBXFileReference; lastKnownFileType = text.plist.xml; path = Info.plist; sourceTree = "<group>"; };
		CDBDCC3420A42E1B00CEEB9A /* CloseTheRings.entitlements */ = {isa = PBXFileReference; lastKnownFileType = text.plist.entitlements; path = CloseTheRings.entitlements; sourceTree = "<group>"; };
		CDBDCC3620A42E1B00CEEB9A /* HealthKit.framework */ = {isa = PBXFileReference; lastKnownFileType = wrapper.framework; name = HealthKit.framework; path = System/Library/Frameworks/HealthKit.framework; sourceTree = SDKROOT; };
		CDBDCC3820A42E6D00CEEB9A /* HealthManager.swift */ = {isa = PBXFileReference; lastKnownFileType = sourcecode.swift; path = HealthManager.swift; sourceTree = "<group>"; };
		CDBDCC4B20A43A6700CEEB9A /* RoundedButton.swift */ = {isa = PBXFileReference; lastKnownFileType = sourcecode.swift; path = RoundedButton.swift; sourceTree = "<group>"; };
		CDBDCC4D20A43CC900CEEB9A /* CloseTheRings-Bridging-Header.h */ = {isa = PBXFileReference; lastKnownFileType = sourcecode.c.h; path = "CloseTheRings-Bridging-Header.h"; sourceTree = "<group>"; };
		CDBDCC4E20A43CC900CEEB9A /* GlimpseAssetWriter.h */ = {isa = PBXFileReference; fileEncoding = 4; lastKnownFileType = sourcecode.c.h; path = GlimpseAssetWriter.h; sourceTree = "<group>"; };
		CDBDCC4F20A43CC900CEEB9A /* Glimpse.h */ = {isa = PBXFileReference; fileEncoding = 4; lastKnownFileType = sourcecode.c.h; path = Glimpse.h; sourceTree = "<group>"; };
		CDBDCC5020A43CCA00CEEB9A /* Glimpse.m */ = {isa = PBXFileReference; fileEncoding = 4; lastKnownFileType = sourcecode.c.objc; path = Glimpse.m; sourceTree = "<group>"; };
		CDBDCC5120A43CCA00CEEB9A /* GlimpseAssetWriter.m */ = {isa = PBXFileReference; fileEncoding = 4; lastKnownFileType = sourcecode.c.objc; path = GlimpseAssetWriter.m; sourceTree = "<group>"; };
		CDBDCC5520A44B6F00CEEB9A /* DatePickerDialog.swift */ = {isa = PBXFileReference; fileEncoding = 4; lastKnownFileType = sourcecode.swift; path = DatePickerDialog.swift; sourceTree = "<group>"; };
		CDBDCC5720A4564200CEEB9A /* Regift.swift */ = {isa = PBXFileReference; lastKnownFileType = sourcecode.swift; path = Regift.swift; sourceTree = "<group>"; };
		CDBDCC5920A45A1F00CEEB9A /* Settings.bundle */ = {isa = PBXFileReference; lastKnownFileType = "wrapper.plug-in"; path = Settings.bundle; sourceTree = "<group>"; };
/* End PBXFileReference section */

/* Begin PBXFrameworksBuildPhase section */
		CDBDCC1C20A42D7600CEEB9A /* Frameworks */ = {
			isa = PBXFrameworksBuildPhase;
			buildActionMask = 2147483647;
			files = (
				CDBDCC3720A42E1B00CEEB9A /* HealthKit.framework in Frameworks */,
			);
			runOnlyForDeploymentPostprocessing = 0;
		};
/* End PBXFrameworksBuildPhase section */

/* Begin PBXGroup section */
		CDBDCC1620A42D7600CEEB9A = {
			isa = PBXGroup;
			children = (
				CDBDCC2120A42D7600CEEB9A /* CloseTheRings */,
				CDBDCC2020A42D7600CEEB9A /* Products */,
				CDBDCC3520A42E1B00CEEB9A /* Frameworks */,
			);
			sourceTree = "<group>";
		};
		CDBDCC2020A42D7600CEEB9A /* Products */ = {
			isa = PBXGroup;
			children = (
				CDBDCC1F20A42D7600CEEB9A /* CloseTheRings.app */,
			);
			name = Products;
			sourceTree = "<group>";
		};
		CDBDCC2120A42D7600CEEB9A /* CloseTheRings */ = {
			isa = PBXGroup;
			children = (
				CDBDCC5520A44B6F00CEEB9A /* DatePickerDialog.swift */,
				CDBDCC3420A42E1B00CEEB9A /* CloseTheRings.entitlements */,
				CDBDCC2220A42D7600CEEB9A /* AppDelegate.swift */,
				CDBDCC2420A42D7600CEEB9A /* ViewController.swift */,
				CDBDCC5920A45A1F00CEEB9A /* Settings.bundle */,
				CDBDCC3820A42E6D00CEEB9A /* HealthManager.swift */,
				CDBDCC2620A42D7600CEEB9A /* Main.storyboard */,
				CDBDCC5720A4564200CEEB9A /* Regift.swift */,
				CDBDCC4B20A43A6700CEEB9A /* RoundedButton.swift */,
				CDBDCC2920A42D7700CEEB9A /* Assets.xcassets */,
				CDBDCC2B20A42D7700CEEB9A /* LaunchScreen.storyboard */,
				CDBDCC2E20A42D7700CEEB9A /* Info.plist */,
				CDBDCC4D20A43CC900CEEB9A /* CloseTheRings-Bridging-Header.h */,
				CDBDCC5420A43CCF00CEEB9A /* Glimpse */,
			);
			path = CloseTheRings;
			sourceTree = "<group>";
		};
		CDBDCC3520A42E1B00CEEB9A /* Frameworks */ = {
			isa = PBXGroup;
			children = (
				CDBDCC3620A42E1B00CEEB9A /* HealthKit.framework */,
			);
			name = Frameworks;
			sourceTree = "<group>";
		};
		CDBDCC5420A43CCF00CEEB9A /* Glimpse */ = {
			isa = PBXGroup;
			children = (
				CDBDCC4F20A43CC900CEEB9A /* Glimpse.h */,
				CDBDCC5020A43CCA00CEEB9A /* Glimpse.m */,
				CDBDCC4E20A43CC900CEEB9A /* GlimpseAssetWriter.h */,
				CDBDCC5120A43CCA00CEEB9A /* GlimpseAssetWriter.m */,
			);
			name = Glimpse;
			path = "New Group";
			sourceTree = "<group>";
		};
/* End PBXGroup section */

/* Begin PBXNativeTarget section */
		CDBDCC1E20A42D7600CEEB9A /* CloseTheRings */ = {
			isa = PBXNativeTarget;
			buildConfigurationList = CDBDCC3120A42D7700CEEB9A /* Build configuration list for PBXNativeTarget "CloseTheRings" */;
			buildPhases = (
				CDBDCC1B20A42D7600CEEB9A /* Sources */,
				CDBDCC1C20A42D7600CEEB9A /* Frameworks */,
				CDBDCC1D20A42D7600CEEB9A /* Resources */,
			);
			buildRules = (
			);
			dependencies = (
			);
			name = CloseTheRings;
			productName = CloseTheRings;
			productReference = CDBDCC1F20A42D7600CEEB9A /* CloseTheRings.app */;
			productType = "com.apple.product-type.application";
		};
/* End PBXNativeTarget section */

/* Begin PBXProject section */
		CDBDCC1720A42D7600CEEB9A /* Project object */ = {
			isa = PBXProject;
			attributes = {
				LastSwiftUpdateCheck = 0930;
				LastUpgradeCheck = 0930;
				ORGANIZATIONNAME = "Patrick Murray";
				TargetAttributes = {
					CDBDCC1E20A42D7600CEEB9A = {
						CreatedOnToolsVersion = 9.3;
						LastSwiftMigration = 0930;
						SystemCapabilities = {
							com.apple.HealthKit = {
								enabled = 1;
							};
						};
					};
				};
			};
			buildConfigurationList = CDBDCC1A20A42D7600CEEB9A /* Build configuration list for PBXProject "CloseTheRings" */;
			compatibilityVersion = "Xcode 9.3";
			developmentRegion = en;
			hasScannedForEncodings = 0;
			knownRegions = (
				en,
				Base,
			);
			mainGroup = CDBDCC1620A42D7600CEEB9A;
			productRefGroup = CDBDCC2020A42D7600CEEB9A /* Products */;
			projectDirPath = "";
			projectRoot = "";
			targets = (
				CDBDCC1E20A42D7600CEEB9A /* CloseTheRings */,
			);
		};
/* End PBXProject section */

/* Begin PBXResourcesBuildPhase section */
		CDBDCC1D20A42D7600CEEB9A /* Resources */ = {
			isa = PBXResourcesBuildPhase;
			buildActionMask = 2147483647;
			files = (
				CDBDCC5A20A45A1F00CEEB9A /* Settings.bundle in Resources */,
				CDBDCC2D20A42D7700CEEB9A /* LaunchScreen.storyboard in Resources */,
				CDBDCC2A20A42D7700CEEB9A /* Assets.xcassets in Resources */,
				CDBDCC2820A42D7600CEEB9A /* Main.storyboard in Resources */,
			);
			runOnlyForDeploymentPostprocessing = 0;
		};
/* End PBXResourcesBuildPhase section */

/* Begin PBXSourcesBuildPhase section */
		CDBDCC1B20A42D7600CEEB9A /* Sources */ = {
			isa = PBXSourcesBuildPhase;
			buildActionMask = 2147483647;
			files = (
				CDBDCC5820A4564200CEEB9A /* Regift.swift in Sources */,
				CDBDCC4C20A43A6700CEEB9A /* RoundedButton.swift in Sources */,
				CDBDCC2520A42D7600CEEB9A /* ViewController.swift in Sources */,
				CDBDCC3920A42E6D00CEEB9A /* HealthManager.swift in Sources */,
				CDBDCC5320A43CCA00CEEB9A /* GlimpseAssetWriter.m in Sources */,
				CDBDCC5220A43CCA00CEEB9A /* Glimpse.m in Sources */,
				CDBDCC5620A44B7000CEEB9A /* DatePickerDialog.swift in Sources */,
				CDBDCC2320A42D7600CEEB9A /* AppDelegate.swift in Sources */,
			);
			runOnlyForDeploymentPostprocessing = 0;
		};
/* End PBXSourcesBuildPhase section */

/* Begin PBXVariantGroup section */
		CDBDCC2620A42D7600CEEB9A /* Main.storyboard */ = {
			isa = PBXVariantGroup;
			children = (
				CDBDCC2720A42D7600CEEB9A /* Base */,
			);
			name = Main.storyboard;
			sourceTree = "<group>";
		};
		CDBDCC2B20A42D7700CEEB9A /* LaunchScreen.storyboard */ = {
			isa = PBXVariantGroup;
			children = (
				CDBDCC2C20A42D7700CEEB9A /* Base */,
			);
			name = LaunchScreen.storyboard;
			sourceTree = "<group>";
		};
/* End PBXVariantGroup section */

/* Begin XCBuildConfiguration section */
		CDBDCC2F20A42D7700CEEB9A /* Debug */ = {
			isa = XCBuildConfiguration;
			buildSettings = {
				ALWAYS_SEARCH_USER_PATHS = NO;
				CLANG_ANALYZER_NONNULL = YES;
				CLANG_ANALYZER_NUMBER_OBJECT_CONVERSION = YES_AGGRESSIVE;
				CLANG_CXX_LANGUAGE_STANDARD = "gnu++14";
				CLANG_CXX_LIBRARY = "libc++";
				CLANG_ENABLE_MODULES = YES;
				CLANG_ENABLE_OBJC_ARC = YES;
				CLANG_ENABLE_OBJC_WEAK = YES;
				CLANG_WARN_BLOCK_CAPTURE_AUTORELEASING = YES;
				CLANG_WARN_BOOL_CONVERSION = YES;
				CLANG_WARN_COMMA = YES;
				CLANG_WARN_CONSTANT_CONVERSION = YES;
				CLANG_WARN_DEPRECATED_OBJC_IMPLEMENTATIONS = YES;
				CLANG_WARN_DIRECT_OBJC_ISA_USAGE = YES_ERROR;
				CLANG_WARN_DOCUMENTATION_COMMENTS = YES;
				CLANG_WARN_EMPTY_BODY = YES;
				CLANG_WARN_ENUM_CONVERSION = YES;
				CLANG_WARN_INFINITE_RECURSION = YES;
				CLANG_WARN_INT_CONVERSION = YES;
				CLANG_WARN_NON_LITERAL_NULL_CONVERSION = YES;
				CLANG_WARN_OBJC_IMPLICIT_RETAIN_SELF = YES;
				CLANG_WARN_OBJC_LITERAL_CONVERSION = YES;
				CLANG_WARN_OBJC_ROOT_CLASS = YES_ERROR;
				CLANG_WARN_RANGE_LOOP_ANALYSIS = YES;
				CLANG_WARN_STRICT_PROTOTYPES = YES;
				CLANG_WARN_SUSPICIOUS_MOVE = YES;
				CLANG_WARN_UNGUARDED_AVAILABILITY = YES_AGGRESSIVE;
				CLANG_WARN_UNREACHABLE_CODE = YES;
				CLANG_WARN__DUPLICATE_METHOD_MATCH = YES;
				CODE_SIGN_IDENTITY = "iPhone Developer";
				COPY_PHASE_STRIP = NO;
				DEBUG_INFORMATION_FORMAT = dwarf;
				ENABLE_STRICT_OBJC_MSGSEND = YES;
				ENABLE_TESTABILITY = YES;
				GCC_C_LANGUAGE_STANDARD = gnu11;
				GCC_DYNAMIC_NO_PIC = NO;
				GCC_NO_COMMON_BLOCKS = YES;
				GCC_OPTIMIZATION_LEVEL = 0;
				GCC_PREPROCESSOR_DEFINITIONS = (
					"DEBUG=1",
					"$(inherited)",
				);
				GCC_WARN_64_TO_32_BIT_CONVERSION = YES;
				GCC_WARN_ABOUT_RETURN_TYPE = YES_ERROR;
				GCC_WARN_UNDECLARED_SELECTOR = YES;
				GCC_WARN_UNINITIALIZED_AUTOS = YES_AGGRESSIVE;
				GCC_WARN_UNUSED_FUNCTION = YES;
				GCC_WARN_UNUSED_VARIABLE = YES;
				IPHONEOS_DEPLOYMENT_TARGET = 11.3;
				MTL_ENABLE_DEBUG_INFO = YES;
				ONLY_ACTIVE_ARCH = YES;
				SDKROOT = iphoneos;
				SWIFT_ACTIVE_COMPILATION_CONDITIONS = DEBUG;
				SWIFT_OPTIMIZATION_LEVEL = "-Onone";
			};
			name = Debug;
		};
		CDBDCC3020A42D7700CEEB9A /* Release */ = {
			isa = XCBuildConfiguration;
			buildSettings = {
				ALWAYS_SEARCH_USER_PATHS = NO;
				CLANG_ANALYZER_NONNULL = YES;
				CLANG_ANALYZER_NUMBER_OBJECT_CONVERSION = YES_AGGRESSIVE;
				CLANG_CXX_LANGUAGE_STANDARD = "gnu++14";
				CLANG_CXX_LIBRARY = "libc++";
				CLANG_ENABLE_MODULES = YES;
				CLANG_ENABLE_OBJC_ARC = YES;
				CLANG_ENABLE_OBJC_WEAK = YES;
				CLANG_WARN_BLOCK_CAPTURE_AUTORELEASING = YES;
				CLANG_WARN_BOOL_CONVERSION = YES;
				CLANG_WARN_COMMA = YES;
				CLANG_WARN_CONSTANT_CONVERSION = YES;
				CLANG_WARN_DEPRECATED_OBJC_IMPLEMENTATIONS = YES;
				CLANG_WARN_DIRECT_OBJC_ISA_USAGE = YES_ERROR;
				CLANG_WARN_DOCUMENTATION_COMMENTS = YES;
				CLANG_WARN_EMPTY_BODY = YES;
				CLANG_WARN_ENUM_CONVERSION = YES;
				CLANG_WARN_INFINITE_RECURSION = YES;
				CLANG_WARN_INT_CONVERSION = YES;
				CLANG_WARN_NON_LITERAL_NULL_CONVERSION = YES;
				CLANG_WARN_OBJC_IMPLICIT_RETAIN_SELF = YES;
				CLANG_WARN_OBJC_LITERAL_CONVERSION = YES;
				CLANG_WARN_OBJC_ROOT_CLASS = YES_ERROR;
				CLANG_WARN_RANGE_LOOP_ANALYSIS = YES;
				CLANG_WARN_STRICT_PROTOTYPES = YES;
				CLANG_WARN_SUSPICIOUS_MOVE = YES;
				CLANG_WARN_UNGUARDED_AVAILABILITY = YES_AGGRESSIVE;
				CLANG_WARN_UNREACHABLE_CODE = YES;
				CLANG_WARN__DUPLICATE_METHOD_MATCH = YES;
				CODE_SIGN_IDENTITY = "iPhone Developer";
				COPY_PHASE_STRIP = NO;
				DEBUG_INFORMATION_FORMAT = "dwarf-with-dsym";
				ENABLE_NS_ASSERTIONS = NO;
				ENABLE_STRICT_OBJC_MSGSEND = YES;
				GCC_C_LANGUAGE_STANDARD = gnu11;
				GCC_NO_COMMON_BLOCKS = YES;
				GCC_WARN_64_TO_32_BIT_CONVERSION = YES;
				GCC_WARN_ABOUT_RETURN_TYPE = YES_ERROR;
				GCC_WARN_UNDECLARED_SELECTOR = YES;
				GCC_WARN_UNINITIALIZED_AUTOS = YES_AGGRESSIVE;
				GCC_WARN_UNUSED_FUNCTION = YES;
				GCC_WARN_UNUSED_VARIABLE = YES;
				IPHONEOS_DEPLOYMENT_TARGET = 11.3;
				MTL_ENABLE_DEBUG_INFO = NO;
				SDKROOT = iphoneos;
				SWIFT_COMPILATION_MODE = wholemodule;
				SWIFT_OPTIMIZATION_LEVEL = "-O";
				VALIDATE_PRODUCT = YES;
			};
			name = Release;
		};
		CDBDCC3220A42D7700CEEB9A /* Debug */ = {
			isa = XCBuildConfiguration;
			buildSettings = {
				ASSETCATALOG_COMPILER_APPICON_NAME = AppIcon;
				CLANG_ENABLE_MODULES = YES;
				CODE_SIGN_ENTITLEMENTS = CloseTheRings/CloseTheRings.entitlements;
				CODE_SIGN_STYLE = Automatic;
				DEVELOPMENT_TEAM = CC3KAA4FP8;
				INFOPLIST_FILE = CloseTheRings/Info.plist;
				LD_RUNPATH_SEARCH_PATHS = (
					"$(inherited)",
					"@executable_path/Frameworks",
				);
				PRODUCT_BUNDLE_IDENTIFIER = com.patmurraydev.CloseTheRings;
				PRODUCT_NAME = "$(TARGET_NAME)";
				SWIFT_OBJC_BRIDGING_HEADER = "CloseTheRings/CloseTheRings-Bridging-Header.h";
				SWIFT_OPTIMIZATION_LEVEL = "-Onone";
				SWIFT_VERSION = 4.0;
				TARGETED_DEVICE_FAMILY = 1;
			};
			name = Debug;
		};
		CDBDCC3320A42D7700CEEB9A /* Release */ = {
			isa = XCBuildConfiguration;
			buildSettings = {
				ASSETCATALOG_COMPILER_APPICON_NAME = AppIcon;
				CLANG_ENABLE_MODULES = YES;
				CODE_SIGN_ENTITLEMENTS = CloseTheRings/CloseTheRings.entitlements;
				CODE_SIGN_STYLE = Automatic;
				DEVELOPMENT_TEAM = CC3KAA4FP8;
				INFOPLIST_FILE = CloseTheRings/Info.plist;
				LD_RUNPATH_SEARCH_PATHS = (
					"$(inherited)",
					"@executable_path/Frameworks",
				);
				PRODUCT_BUNDLE_IDENTIFIER = com.patmurraydev.CloseTheRings;
				PRODUCT_NAME = "$(TARGET_NAME)";
				SWIFT_OBJC_BRIDGING_HEADER = "CloseTheRings/CloseTheRings-Bridging-Header.h";
				SWIFT_VERSION = 4.0;
				TARGETED_DEVICE_FAMILY = 1;
			};
			name = Release;
		};
/* End XCBuildConfiguration section */

/* Begin XCConfigurationList section */
		CDBDCC1A20A42D7600CEEB9A /* Build configuration list for PBXProject "CloseTheRings" */ = {
			isa = XCConfigurationList;
			buildConfigurations = (
				CDBDCC2F20A42D7700CEEB9A /* Debug */,
				CDBDCC3020A42D7700CEEB9A /* Release */,
			);
			defaultConfigurationIsVisible = 0;
			defaultConfigurationName = Release;
		};
		CDBDCC3120A42D7700CEEB9A /* Build configuration list for PBXNativeTarget "CloseTheRings" */ = {
			isa = XCConfigurationList;
			buildConfigurations = (
				CDBDCC3220A42D7700CEEB9A /* Debug */,
				CDBDCC3320A42D7700CEEB9A /* Release */,
			);
			defaultConfigurationIsVisible = 0;
			defaultConfigurationName = Release;
		};
/* End XCConfigurationList section */
	};
	rootObject = CDBDCC1720A42D7600CEEB9A /* Project object */;
}
